
Microsoft Visual Studio Solution File, Format Version 10.00
# Visual C# Express 2008
Project("{FAE04EC0-301F-11D3-BF4B-00C04F79EFBC}") = "Jukebox.NET", "Client\Jukebox.NET.csproj", "{0D4F5A58-B686-4477-A151-3C040D08ECBD}"
EndProject
Project("{FAE04EC0-301F-11D3-BF4B-00C04F79EFBC}") = "Jukebox.NET Common", "Common\Jukebox.NET Common.csproj", "{B90E0D12-5DBD-4805-B973-FE58856DBBC3}"
EndProject
Project("{FAE04EC0-301F-11D3-BF4B-00C04F79EFBC}") = "Jukebox.NET Manager", "Manager\Jukebox.NET Manager.csproj", "{8C6FDD44-534E-498F-BF83-234D3FF525CC}"
EndProject
Project("{FAE04EC0-301F-11D3-BF4B-00C04F79EFBC}") = "Jukebox.NET Keygen", "Keygen\Jukebox.NET Keygen.csproj", "{473AFF80-6200-4539-9291-1B7C90FE1513}"
EndProject
Global
	GlobalSection(SolutionConfigurationPlatforms) = preSolution
		Debug|Any CPU = Debug|Any CPU
		Debug|x86 = Debug|x86
		Release|Any CPU = Release|Any CPU
		Release|x86 = Release|x86
	EndGlobalSection
	GlobalSection(ProjectConfigurationPlatforms) = postSolution
		{0D4F5A58-B686-4477-A151-3C040D08ECBD}.Debug|Any CPU.ActiveCfg = Debug|Any CPU
		{0D4F5A58-B686-4477-A151-3C040D08ECBD}.Debug|x86.ActiveCfg = Debug|x86
		{0D4F5A58-B686-4477-A151-3C040D08ECBD}.Release|Any CPU.ActiveCfg = Release|Any CPU
		{0D4F5A58-B686-4477-A151-3C040D08ECBD}.Release|x86.ActiveCfg = Release|x86
		{0D4F5A58-B686-4477-A151-3C040D08ECBD}.Release|x86.Build.0 = Release|x86
		{B90E0D12-5DBD-4805-B973-FE58856DBBC3}.Debug|Any CPU.ActiveCfg = Debug|Any CPU
		{B90E0D12-5DBD-4805-B973-FE58856DBBC3}.Debug|x86.ActiveCfg = Debug|x86
		{B90E0D12-5DBD-4805-B973-FE58856DBBC3}.Release|Any CPU.ActiveCfg = Release|Any CPU
		{B90E0D12-5DBD-4805-B973-FE58856DBBC3}.Release|x86.ActiveCfg = Release|x86
		{B90E0D12-5DBD-4805-B973-FE58856DBBC3}.Release|x86.Build.0 = Release|x86
		{8C6FDD44-534E-498F-BF83-234D3FF525CC}.Debug|Any CPU.ActiveCfg = Debug|Any CPU
		{8C6FDD44-534E-498F-BF83-234D3FF525CC}.Debug|x86.ActiveCfg = Debug|x86
		{8C6FDD44-534E-498F-BF83-234D3FF525CC}.Release|Any CPU.ActiveCfg = Release|Any CPU
		{8C6FDD44-534E-498F-BF83-234D3FF525CC}.Release|x86.ActiveCfg = Release|x86
		{8C6FDD44-534E-498F-BF83-234D3FF525CC}.Release|x86.Build.0 = Release|x86
		{473AFF80-6200-4539-9291-1B7C90FE1513}.Debug|Any CPU.ActiveCfg = Debug|Any CPU
		{473AFF80-6200-4539-9291-1B7C90FE1513}.Debug|x86.ActiveCfg = Debug|x86
		{473AFF80-6200-4539-9291-1B7C90FE1513}.Release|Any CPU.ActiveCfg = Release|Any CPU
		{473AFF80-6200-4539-9291-1B7C90FE1513}.Release|x86.ActiveCfg = Release|x86
		{473AFF80-6200-4539-9291-1B7C90FE1513}.Release|x86.Build.0 = Release|x86
	EndGlobalSection
	GlobalSection(SolutionProperties) = preSolution
		HideSolutionNode = FALSE
	EndGlobalSection
EndGlobal
